// !$*UTF8*$!
{
	archiveVersion = 1;
	classes = {
	};
	objectVersion = 46;
	objects = {

/* Begin PBXBuildFile section */
		0119C09AE75DEFAF7D3F0029 /* Pods_Phim24h.framework in Frameworks */ = {isa = PBXBuildFile; fileRef = 006561D6344AF607B6604A53 /* Pods_Phim24h.framework */; };
		5401D7A31DA4A15800CE54CF /* MovieDetail.swift in Sources */ = {isa = PBXBuildFile; fileRef = 5401D7A21DA4A15800CE54CF /* MovieDetail.swift */; };
		5401D7A61DA4EAFB00CE54CF /* CustomButton.swift in Sources */ = {isa = PBXBuildFile; fileRef = 5401D7A51DA4EAFB00CE54CF /* CustomButton.swift */; };
		541305FA1D94CCCB0055B180 /* TableViewCell.swift in Sources */ = {isa = PBXBuildFile; fileRef = 541305F81D94CCCB0055B180 /* TableViewCell.swift */; };
		541305FB1D94CCCB0055B180 /* TableViewCell.xib in Resources */ = {isa = PBXBuildFile; fileRef = 541305F91D94CCCB0055B180 /* TableViewCell.xib */; };
		5421BC351DAE1D4D005E9121 /* FavoriteVC.swift in Sources */ = {isa = PBXBuildFile; fileRef = 5421BC331DAE1D4D005E9121 /* FavoriteVC.swift */; };
		5421BC361DAE1D4D005E9121 /* FavoriteVC.xib in Resources */ = {isa = PBXBuildFile; fileRef = 5421BC341DAE1D4D005E9121 /* FavoriteVC.xib */; };
		5421BC381DAE2FC8005E9121 /* ManagerSQLite.swift in Sources */ = {isa = PBXBuildFile; fileRef = 5421BC371DAE2FC8005E9121 /* ManagerSQLite.swift */; };
		5428990C1D9E1D91002AF465 /* OverView.swift in Sources */ = {isa = PBXBuildFile; fileRef = 5428990A1D9E1D91002AF465 /* OverView.swift */; };
		5428990D1D9E1D91002AF465 /* OverView.xib in Resources */ = {isa = PBXBuildFile; fileRef = 5428990B1D9E1D91002AF465 /* OverView.xib */; };
		542899111D9E3256002AF465 /* People.swift in Sources */ = {isa = PBXBuildFile; fileRef = 5428990F1D9E3256002AF465 /* People.swift */; };
		542899121D9E3256002AF465 /* People.xib in Resources */ = {isa = PBXBuildFile; fileRef = 542899101D9E3256002AF465 /* People.xib */; };
		542899161D9E5100002AF465 /* Similar.swift in Sources */ = {isa = PBXBuildFile; fileRef = 542899141D9E5100002AF465 /* Similar.swift */; };
		542899171D9E5100002AF465 /* Similar.xib in Resources */ = {isa = PBXBuildFile; fileRef = 542899151D9E5100002AF465 /* Similar.xib */; };
		54292AF01D9CBB8A002EF93D /* BaseDetailViewController.swift in Sources */ = {isa = PBXBuildFile; fileRef = 54292AEF1D9CBB8A002EF93D /* BaseDetailViewController.swift */; };
		54292AF21D9D2DC0002EF93D /* Assets.xcassets in Resources */ = {isa = PBXBuildFile; fileRef = 54292AF11D9D2DC0002EF93D /* Assets.xcassets */; };
		5433CDE41D9B7058001389CE /* CellGenre.swift in Sources */ = {isa = PBXBuildFile; fileRef = 5433CDE21D9B7058001389CE /* CellGenre.swift */; };
		5433CDE51D9B7058001389CE /* CellGenre.xib in Resources */ = {isa = PBXBuildFile; fileRef = 5433CDE31D9B7058001389CE /* CellGenre.xib */; };
		543778541DBDEB8D00B224AF /* Result.swift in Sources */ = {isa = PBXBuildFile; fileRef = 543778531DBDEB8D00B224AF /* Result.swift */; };
		543BB7E11D96231100B348BF /* DataModel.swift in Sources */ = {isa = PBXBuildFile; fileRef = 543BB7E01D96231100B348BF /* DataModel.swift */; };
		543BB7E61D962AE700B348BF /* TableWithPage.swift in Sources */ = {isa = PBXBuildFile; fileRef = 543BB7E41D962AE700B348BF /* TableWithPage.swift */; };
		543BB7E71D962AE700B348BF /* TableWithPage.xib in Resources */ = {isa = PBXBuildFile; fileRef = 543BB7E51D962AE700B348BF /* TableWithPage.xib */; };
		543BB7EB1D962C3900B348BF /* TableViewCellWithPage.swift in Sources */ = {isa = PBXBuildFile; fileRef = 543BB7E91D962C3900B348BF /* TableViewCellWithPage.swift */; };
		543BB7EC1D962C3900B348BF /* TableViewCellWithPage.xib in Resources */ = {isa = PBXBuildFile; fileRef = 543BB7EA1D962C3900B348BF /* TableViewCellWithPage.xib */; };
		543BB7EE1D962FC500B348BF /* Genre.swift in Sources */ = {isa = PBXBuildFile; fileRef = 543BB7ED1D962FC500B348BF /* Genre.swift */; };
		543BB7F01D96316F00B348BF /* JSONKEYS.swift in Sources */ = {isa = PBXBuildFile; fileRef = 543BB7EF1D96316F00B348BF /* JSONKEYS.swift */; };
		543DFAB71DBA03580052A423 /* Guest.swift in Sources */ = {isa = PBXBuildFile; fileRef = 543DFAB61DBA03580052A423 /* Guest.swift */; };
		543EF6A81DC09E9200D96D54 /* PauseOverlayViewController.swift in Sources */ = {isa = PBXBuildFile; fileRef = 543EF6A61DC09E9200D96D54 /* PauseOverlayViewController.swift */; };
		543EF6A91DC09E9200D96D54 /* PauseOverlayViewController.xib in Resources */ = {isa = PBXBuildFile; fileRef = 543EF6A71DC09E9200D96D54 /* PauseOverlayViewController.xib */; };
		5443F6E41DB6021A00AE95F3 /* SearchView.swift in Sources */ = {isa = PBXBuildFile; fileRef = 5443F6E21DB6021A00AE95F3 /* SearchView.swift */; };
		5443F6E51DB6021A00AE95F3 /* SearchView.xib in Resources */ = {isa = PBXBuildFile; fileRef = 5443F6E31DB6021A00AE95F3 /* SearchView.xib */; };
		5443F6E91DB628DF00AE95F3 /* CustomTextView.swift in Sources */ = {isa = PBXBuildFile; fileRef = 5443F6E81DB628DF00AE95F3 /* CustomTextView.swift */; };
		5443F6EB1DB62A1800AE95F3 /* CustomButtonWithBoderGray.swift in Sources */ = {isa = PBXBuildFile; fileRef = 5443F6EA1DB62A1800AE95F3 /* CustomButtonWithBoderGray.swift */; };
		5443F6ED1DB725A800AE95F3 /* MessageDetail.swift in Sources */ = {isa = PBXBuildFile; fileRef = 5443F6EC1DB725A800AE95F3 /* MessageDetail.swift */; };
		5443F6F71DB7676800AE95F3 /* CellForMessage.swift in Sources */ = {isa = PBXBuildFile; fileRef = 5443F6F51DB7676800AE95F3 /* CellForMessage.swift */; };
		5443F6F81DB7676800AE95F3 /* CellForMessage.xib in Resources */ = {isa = PBXBuildFile; fileRef = 5443F6F61DB7676800AE95F3 /* CellForMessage.xib */; };
		5443F6FA1DB7692000AE95F3 /* CustomImageView.swift in Sources */ = {isa = PBXBuildFile; fileRef = 5443F6F91DB7692000AE95F3 /* CustomImageView.swift */; };
		54555D081D8BF1D400048AAC /* AppDelegate.swift in Sources */ = {isa = PBXBuildFile; fileRef = 54555D071D8BF1D400048AAC /* AppDelegate.swift */; };
		54555D121D8BF1D400048AAC /* LaunchScreen.storyboard in Resources */ = {isa = PBXBuildFile; fileRef = 54555D101D8BF1D400048AAC /* LaunchScreen.storyboard */; };
		545B22F41D917172008CC9C0 /* haha.png in Resources */ = {isa = PBXBuildFile; fileRef = 545B22F31D917172008CC9C0 /* haha.png */; };
		545B22F71D9173EF008CC9C0 /* DataTableViewCell.swift in Sources */ = {isa = PBXBuildFile; fileRef = 545B22F51D9173EF008CC9C0 /* DataTableViewCell.swift */; };
		545B22F81D9173EF008CC9C0 /* DataTableViewCell.xib in Resources */ = {isa = PBXBuildFile; fileRef = 545B22F61D9173EF008CC9C0 /* DataTableViewCell.xib */; };
		545B23021D9182DD008CC9C0 /* BaseViewController.swift in Sources */ = {isa = PBXBuildFile; fileRef = 545B23011D9182DD008CC9C0 /* BaseViewController.swift */; };
		549040701D90F47700E7330D /* LoginAccount.swift in Sources */ = {isa = PBXBuildFile; fileRef = 5490406E1D90F47700E7330D /* LoginAccount.swift */; };
		549040711D90F47700E7330D /* LoginAccount.xib in Resources */ = {isa = PBXBuildFile; fileRef = 5490406F1D90F47700E7330D /* LoginAccount.xib */; };
		549040751D90F53000E7330D /* RegisterAccount.swift in Sources */ = {isa = PBXBuildFile; fileRef = 549040731D90F53000E7330D /* RegisterAccount.swift */; };
		549040761D90F53000E7330D /* RegisterAccount.xib in Resources */ = {isa = PBXBuildFile; fileRef = 549040741D90F53000E7330D /* RegisterAccount.xib */; };
		5490407A1D90F57100E7330D /* ResetPassword.swift in Sources */ = {isa = PBXBuildFile; fileRef = 549040781D90F57100E7330D /* ResetPassword.swift */; };
		5490407B1D90F57100E7330D /* ResetPassword.xib in Resources */ = {isa = PBXBuildFile; fileRef = 549040791D90F57100E7330D /* ResetPassword.xib */; };
		549040801D91257A00E7330D /* HomeViewController.swift in Sources */ = {isa = PBXBuildFile; fileRef = 5490407E1D91257A00E7330D /* HomeViewController.swift */; };
		549040811D91257A00E7330D /* HomeViewController.xib in Resources */ = {isa = PBXBuildFile; fileRef = 5490407F1D91257A00E7330D /* HomeViewController.xib */; };
		549040841D912A0500E7330D /* menu.png in Resources */ = {isa = PBXBuildFile; fileRef = 549040821D912A0500E7330D /* menu.png */; };
		549040921D91351F00E7330D /* background.jpg in Resources */ = {isa = PBXBuildFile; fileRef = 549040911D91351F00E7330D /* background.jpg */; };
		549040A81D9144F700E7330D /* MenuViewController.swift in Sources */ = {isa = PBXBuildFile; fileRef = 549040A61D9144F700E7330D /* MenuViewController.swift */; };
		549040A91D9144F700E7330D /* MenuViewController.xib in Resources */ = {isa = PBXBuildFile; fileRef = 549040A71D9144F700E7330D /* MenuViewController.xib */; };
		549F7FA01D928F99005B922A /* Film.swift in Sources */ = {isa = PBXBuildFile; fileRef = 549F7F9F1D928F99005B922A /* Film.swift */; };
		549F7FA51D9375A1005B922A /* ManagerData.swift in Sources */ = {isa = PBXBuildFile; fileRef = 549F7FA41D9375A1005B922A /* ManagerData.swift */; };
		549F7FA91D93E829005B922A /* CollectionViewCell.swift in Sources */ = {isa = PBXBuildFile; fileRef = 549F7FA71D93E829005B922A /* CollectionViewCell.swift */; };
		549F7FAA1D93E829005B922A /* CollectionViewCell.xib in Resources */ = {isa = PBXBuildFile; fileRef = 549F7FA81D93E829005B922A /* CollectionViewCell.xib */; };
		54B5FD851DBDB9B60027E3D9 /* DetailMovieVC.swift in Sources */ = {isa = PBXBuildFile; fileRef = 54B5FD831DBDB9B60027E3D9 /* DetailMovieVC.swift */; };
		54B5FD861DBDB9B60027E3D9 /* DetailMovieVC.xib in Resources */ = {isa = PBXBuildFile; fileRef = 54B5FD841DBDB9B60027E3D9 /* DetailMovieVC.xib */; };
		54CA7A041D99040B00FC34C2 /* TopRated.swift in Sources */ = {isa = PBXBuildFile; fileRef = 54CA7A021D99040B00FC34C2 /* TopRated.swift */; };
		54CA7A051D99040B00FC34C2 /* TopRated.xib in Resources */ = {isa = PBXBuildFile; fileRef = 54CA7A031D99040B00FC34C2 /* TopRated.xib */; };
		54CA7A091D99042F00FC34C2 /* UpComing.swift in Sources */ = {isa = PBXBuildFile; fileRef = 54CA7A071D99042F00FC34C2 /* UpComing.swift */; };
		54CA7A0A1D99042F00FC34C2 /* UpComing.xib in Resources */ = {isa = PBXBuildFile; fileRef = 54CA7A081D99042F00FC34C2 /* UpComing.xib */; };
		54CA7A0E1D99045000FC34C2 /* NowPlaying.swift in Sources */ = {isa = PBXBuildFile; fileRef = 54CA7A0C1D99045000FC34C2 /* NowPlaying.swift */; };
		54CA7A0F1D99045000FC34C2 /* NowPlaying.xib in Resources */ = {isa = PBXBuildFile; fileRef = 54CA7A0D1D99045000FC34C2 /* NowPlaying.xib */; };
		54CA7A131D99047300FC34C2 /* Popular.swift in Sources */ = {isa = PBXBuildFile; fileRef = 54CA7A111D99047300FC34C2 /* Popular.swift */; };
		54CA7A141D99047300FC34C2 /* Popular.xib in Resources */ = {isa = PBXBuildFile; fileRef = 54CA7A121D99047300FC34C2 /* Popular.xib */; };
		54CC79921D8FCB1D0013139B /* User.swift in Sources */ = {isa = PBXBuildFile; fileRef = 54CC79911D8FCB1D0013139B /* User.swift */; };
		54D9CCD11DA1FD8F00B852C1 /* CellForTrailer.swift in Sources */ = {isa = PBXBuildFile; fileRef = 54D9CCCF1DA1FD8F00B852C1 /* CellForTrailer.swift */; };
		54D9CCD21DA1FD8F00B852C1 /* CellForTrailer.xib in Resources */ = {isa = PBXBuildFile; fileRef = 54D9CCD01DA1FD8F00B852C1 /* CellForTrailer.xib */; };
		54D9CCD41DA201AB00B852C1 /* Backdrop.swift in Sources */ = {isa = PBXBuildFile; fileRef = 54D9CCD31DA201AB00B852C1 /* Backdrop.swift */; };
		54D9CCD61DA2044300B852C1 /* Trailer.swift in Sources */ = {isa = PBXBuildFile; fileRef = 54D9CCD51DA2044300B852C1 /* Trailer.swift */; };
		54D9CCD81DA2180400B852C1 /* Cast.swift in Sources */ = {isa = PBXBuildFile; fileRef = 54D9CCD71DA2180400B852C1 /* Cast.swift */; };
		54D9CCDA1DA21B2900B852C1 /* Crew.swift in Sources */ = {isa = PBXBuildFile; fileRef = 54D9CCD91DA21B2900B852C1 /* Crew.swift */; };
		54D9CCE01DA24A9500B852C1 /* CollectionViewPeople.swift in Sources */ = {isa = PBXBuildFile; fileRef = 54D9CCDE1DA24A9500B852C1 /* CollectionViewPeople.swift */; };
		54D9CCE11DA24A9500B852C1 /* CollectionViewPeople.xib in Resources */ = {isa = PBXBuildFile; fileRef = 54D9CCDF1DA24A9500B852C1 /* CollectionViewPeople.xib */; };
		54DA5BE51D8F9C8800F21F7A /* GoogleService-Info.plist in Resources */ = {isa = PBXBuildFile; fileRef = 54DA5BE41D8F9C8800F21F7A /* GoogleService-Info.plist */; };
		54DC0AB91DA64C2800B6DC83 /* MoviePlayer.swift in Sources */ = {isa = PBXBuildFile; fileRef = 54DC0AB71DA64C2800B6DC83 /* MoviePlayer.swift */; };
		54DC0ABA1DA64C2800B6DC83 /* MoviePlayer.xib in Resources */ = {isa = PBXBuildFile; fileRef = 54DC0AB81DA64C2800B6DC83 /* MoviePlayer.xib */; };
		54DCF3E11D9A155F00D23742 /* GenreViewController.swift in Sources */ = {isa = PBXBuildFile; fileRef = 54DCF3DF1D9A155F00D23742 /* GenreViewController.swift */; };
		54DCF3E21D9A155F00D23742 /* GenreViewController.xib in Resources */ = {isa = PBXBuildFile; fileRef = 54DCF3E01D9A155F00D23742 /* GenreViewController.xib */; };
		54DCF3EC1D9A181100D23742 /* String.swift in Sources */ = {isa = PBXBuildFile; fileRef = 54DCF3E41D9A181100D23742 /* String.swift */; };
		54DCF3ED1D9A181100D23742 /* UITableViewExtension.swift in Sources */ = {isa = PBXBuildFile; fileRef = 54DCF3E51D9A181100D23742 /* UITableViewExtension.swift */; };
		54DCF3EE1D9A181100D23742 /* UIViewController.swift in Sources */ = {isa = PBXBuildFile; fileRef = 54DCF3E61D9A181100D23742 /* UIViewController.swift */; };
		54DCF3EF1D9A181100D23742 /* UIImageView.swift in Sources */ = {isa = PBXBuildFile; fileRef = 54DCF3E71D9A181100D23742 /* UIImageView.swift */; };
		54DCF3F01D9A181100D23742 /* UIImage.swift in Sources */ = {isa = PBXBuildFile; fileRef = 54DCF3E81D9A181100D23742 /* UIImage.swift */; };
		54DCF3F11D9A181100D23742 /* UIView.swift in Sources */ = {isa = PBXBuildFile; fileRef = 54DCF3E91D9A181100D23742 /* UIView.swift */; };
		54DCF3F21D9A181100D23742 /* UIColor.swift in Sources */ = {isa = PBXBuildFile; fileRef = 54DCF3EA1D9A181100D23742 /* UIColor.swift */; };
		54DCF3F31D9A181100D23742 /* UIApplication.swift in Sources */ = {isa = PBXBuildFile; fileRef = 54DCF3EB1D9A181100D23742 /* UIApplication.swift */; };
		54DCF3FC1D9A60F400D23742 /* FXImageView.m in Sources */ = {isa = PBXBuildFile; fileRef = 54DCF3F91D9A60F400D23742 /* FXImageView.m */; };
		54DCF3FD1D9A60F400D23742 /* UIImage+FX.m in Sources */ = {isa = PBXBuildFile; fileRef = 54DCF3FB1D9A60F400D23742 /* UIImage+FX.m */; };
		54DCF4001D9A60FD00D23742 /* iCarousel.m in Sources */ = {isa = PBXBuildFile; fileRef = 54DCF3FF1D9A60FD00D23742 /* iCarousel.m */; };
		54EDDD961DADE1F100D07714 /* UserData.swift in Sources */ = {isa = PBXBuildFile; fileRef = 54EDDD951DADE1F100D07714 /* UserData.swift */; };
		54FADBBA1D9236A9005F5E0A /* SlideMenuController.swift in Sources */ = {isa = PBXBuildFile; fileRef = 54FADBB91D9236A9005F5E0A /* SlideMenuController.swift */; };
/* End PBXBuildFile section */

/* Begin PBXCopyFilesBuildPhase section */
		54021B9F1DCB231C0039F365 /* Embed Frameworks */ = {
			isa = PBXCopyFilesBuildPhase;
			buildActionMask = 2147483647;
			dstPath = "";
			dstSubfolderSpec = 10;
			files = (
			);
			name = "Embed Frameworks";
			runOnlyForDeploymentPostprocessing = 0;
		};
/* End PBXCopyFilesBuildPhase section */

/* Begin PBXFileReference section */
		006561D6344AF607B6604A53 /* Pods_Phim24h.framework */ = {isa = PBXFileReference; explicitFileType = wrapper.framework; includeInIndex = 0; path = Pods_Phim24h.framework; sourceTree = BUILT_PRODUCTS_DIR; };
		0E3D9D26625080824DEBADFE /* Pods-Phim24h.release.xcconfig */ = {isa = PBXFileReference; includeInIndex = 1; lastKnownFileType = text.xcconfig; name = "Pods-Phim24h.release.xcconfig"; path = "Pods/Target Support Files/Pods-Phim24h/Pods-Phim24h.release.xcconfig"; sourceTree = "<group>"; };
		301DF1A3D2094B9E3815E945 /* Pods-Phim24h.debug.xcconfig */ = {isa = PBXFileReference; includeInIndex = 1; lastKnownFileType = text.xcconfig; name = "Pods-Phim24h.debug.xcconfig"; path = "Pods/Target Support Files/Pods-Phim24h/Pods-Phim24h.debug.xcconfig"; sourceTree = "<group>"; };
		5401D7A21DA4A15800CE54CF /* MovieDetail.swift */ = {isa = PBXFileReference; fileEncoding = 4; lastKnownFileType = sourcecode.swift; path = MovieDetail.swift; sourceTree = "<group>"; };
		5401D7A51DA4EAFB00CE54CF /* CustomButton.swift */ = {isa = PBXFileReference; fileEncoding = 4; lastKnownFileType = sourcecode.swift; path = CustomButton.swift; sourceTree = "<group>"; };
		54021BB61DCB4AF90039F365 /* libsqlite3.dylib */ = {isa = PBXFileReference; lastKnownFileType = "compiled.mach-o.dylib"; name = libsqlite3.dylib; path = ../../../../../../../usr/lib/libsqlite3.dylib; sourceTree = "<group>"; };
		541305F81D94CCCB0055B180 /* TableViewCell.swift */ = {isa = PBXFileReference; fileEncoding = 4; lastKnownFileType = sourcecode.swift; path = TableViewCell.swift; sourceTree = "<group>"; };
		541305F91D94CCCB0055B180 /* TableViewCell.xib */ = {isa = PBXFileReference; fileEncoding = 4; lastKnownFileType = file.xib; path = TableViewCell.xib; sourceTree = "<group>"; };
		5421BC331DAE1D4D005E9121 /* FavoriteVC.swift */ = {isa = PBXFileReference; fileEncoding = 4; lastKnownFileType = sourcecode.swift; path = FavoriteVC.swift; sourceTree = "<group>"; };
		5421BC341DAE1D4D005E9121 /* FavoriteVC.xib */ = {isa = PBXFileReference; fileEncoding = 4; lastKnownFileType = file.xib; path = FavoriteVC.xib; sourceTree = "<group>"; };
		5421BC371DAE2FC8005E9121 /* ManagerSQLite.swift */ = {isa = PBXFileReference; fileEncoding = 4; lastKnownFileType = sourcecode.swift; path = ManagerSQLite.swift; sourceTree = "<group>"; };
		5428990A1D9E1D91002AF465 /* OverView.swift */ = {isa = PBXFileReference; fileEncoding = 4; lastKnownFileType = sourcecode.swift; path = OverView.swift; sourceTree = "<group>"; };
		5428990B1D9E1D91002AF465 /* OverView.xib */ = {isa = PBXFileReference; fileEncoding = 4; lastKnownFileType = file.xib; path = OverView.xib; sourceTree = "<group>"; };
		5428990F1D9E3256002AF465 /* People.swift */ = {isa = PBXFileReference; fileEncoding = 4; lastKnownFileType = sourcecode.swift; path = People.swift; sourceTree = "<group>"; };
		542899101D9E3256002AF465 /* People.xib */ = {isa = PBXFileReference; fileEncoding = 4; lastKnownFileType = file.xib; path = People.xib; sourceTree = "<group>"; };
		542899141D9E5100002AF465 /* Similar.swift */ = {isa = PBXFileReference; fileEncoding = 4; lastKnownFileType = sourcecode.swift; path = Similar.swift; sourceTree = "<group>"; };
		542899151D9E5100002AF465 /* Similar.xib */ = {isa = PBXFileReference; fileEncoding = 4; lastKnownFileType = file.xib; path = Similar.xib; sourceTree = "<group>"; };
		54292AEF1D9CBB8A002EF93D /* BaseDetailViewController.swift */ = {isa = PBXFileReference; fileEncoding = 4; lastKnownFileType = sourcecode.swift; path = BaseDetailViewController.swift; sourceTree = "<group>"; };
		54292AF11D9D2DC0002EF93D /* Assets.xcassets */ = {isa = PBXFileReference; lastKnownFileType = folder.assetcatalog; path = Assets.xcassets; sourceTree = "<group>"; };
		5433CDE21D9B7058001389CE /* CellGenre.swift */ = {isa = PBXFileReference; fileEncoding = 4; lastKnownFileType = sourcecode.swift; path = CellGenre.swift; sourceTree = "<group>"; };
		5433CDE31D9B7058001389CE /* CellGenre.xib */ = {isa = PBXFileReference; fileEncoding = 4; lastKnownFileType = file.xib; path = CellGenre.xib; sourceTree = "<group>"; };
		543778531DBDEB8D00B224AF /* Result.swift */ = {isa = PBXFileReference; fileEncoding = 4; lastKnownFileType = sourcecode.swift; path = Result.swift; sourceTree = "<group>"; };
		543BB7E01D96231100B348BF /* DataModel.swift */ = {isa = PBXFileReference; fileEncoding = 4; lastKnownFileType = sourcecode.swift; path = DataModel.swift; sourceTree = "<group>"; };
		543BB7E41D962AE700B348BF /* TableWithPage.swift */ = {isa = PBXFileReference; fileEncoding = 4; lastKnownFileType = sourcecode.swift; path = TableWithPage.swift; sourceTree = "<group>"; };
		543BB7E51D962AE700B348BF /* TableWithPage.xib */ = {isa = PBXFileReference; fileEncoding = 4; lastKnownFileType = file.xib; path = TableWithPage.xib; sourceTree = "<group>"; };
		543BB7E91D962C3900B348BF /* TableViewCellWithPage.swift */ = {isa = PBXFileReference; fileEncoding = 4; lastKnownFileType = sourcecode.swift; path = TableViewCellWithPage.swift; sourceTree = "<group>"; };
		543BB7EA1D962C3900B348BF /* TableViewCellWithPage.xib */ = {isa = PBXFileReference; fileEncoding = 4; lastKnownFileType = file.xib; path = TableViewCellWithPage.xib; sourceTree = "<group>"; };
		543BB7ED1D962FC500B348BF /* Genre.swift */ = {isa = PBXFileReference; fileEncoding = 4; lastKnownFileType = sourcecode.swift; path = Genre.swift; sourceTree = "<group>"; };
		543BB7EF1D96316F00B348BF /* JSONKEYS.swift */ = {isa = PBXFileReference; fileEncoding = 4; lastKnownFileType = sourcecode.swift; path = JSONKEYS.swift; sourceTree = "<group>"; };
		543DFAB61DBA03580052A423 /* Guest.swift */ = {isa = PBXFileReference; fileEncoding = 4; lastKnownFileType = sourcecode.swift; path = Guest.swift; sourceTree = "<group>"; };
		543EF6A61DC09E9200D96D54 /* PauseOverlayViewController.swift */ = {isa = PBXFileReference; fileEncoding = 4; lastKnownFileType = sourcecode.swift; path = PauseOverlayViewController.swift; sourceTree = "<group>"; };
		543EF6A71DC09E9200D96D54 /* PauseOverlayViewController.xib */ = {isa = PBXFileReference; fileEncoding = 4; lastKnownFileType = file.xib; path = PauseOverlayViewController.xib; sourceTree = "<group>"; };
		5443F6E21DB6021A00AE95F3 /* SearchView.swift */ = {isa = PBXFileReference; fileEncoding = 4; lastKnownFileType = sourcecode.swift; path = SearchView.swift; sourceTree = "<group>"; };
		5443F6E31DB6021A00AE95F3 /* SearchView.xib */ = {isa = PBXFileReference; fileEncoding = 4; lastKnownFileType = file.xib; path = SearchView.xib; sourceTree = "<group>"; };
		5443F6E81DB628DF00AE95F3 /* CustomTextView.swift */ = {isa = PBXFileReference; fileEncoding = 4; lastKnownFileType = sourcecode.swift; path = CustomTextView.swift; sourceTree = "<group>"; };
		5443F6EA1DB62A1800AE95F3 /* CustomButtonWithBoderGray.swift */ = {isa = PBXFileReference; fileEncoding = 4; lastKnownFileType = sourcecode.swift; path = CustomButtonWithBoderGray.swift; sourceTree = "<group>"; };
		5443F6EC1DB725A800AE95F3 /* MessageDetail.swift */ = {isa = PBXFileReference; fileEncoding = 4; lastKnownFileType = sourcecode.swift; path = MessageDetail.swift; sourceTree = "<group>"; };
		5443F6F51DB7676800AE95F3 /* CellForMessage.swift */ = {isa = PBXFileReference; fileEncoding = 4; lastKnownFileType = sourcecode.swift; path = CellForMessage.swift; sourceTree = "<group>"; };
		5443F6F61DB7676800AE95F3 /* CellForMessage.xib */ = {isa = PBXFileReference; fileEncoding = 4; lastKnownFileType = file.xib; path = CellForMessage.xib; sourceTree = "<group>"; };
		5443F6F91DB7692000AE95F3 /* CustomImageView.swift */ = {isa = PBXFileReference; fileEncoding = 4; lastKnownFileType = sourcecode.swift; path = CustomImageView.swift; sourceTree = "<group>"; };
		54555D041D8BF1D400048AAC /* Phim24h.app */ = {isa = PBXFileReference; explicitFileType = wrapper.application; includeInIndex = 0; path = Phim24h.app; sourceTree = BUILT_PRODUCTS_DIR; };
		54555D071D8BF1D400048AAC /* AppDelegate.swift */ = {isa = PBXFileReference; lastKnownFileType = sourcecode.swift; path = AppDelegate.swift; sourceTree = "<group>"; };
		54555D111D8BF1D400048AAC /* Base */ = {isa = PBXFileReference; lastKnownFileType = file.storyboard; name = Base; path = Base.lproj/LaunchScreen.storyboard; sourceTree = "<group>"; };
		54555D131D8BF1D400048AAC /* Info.plist */ = {isa = PBXFileReference; lastKnownFileType = text.plist.xml; path = Info.plist; sourceTree = "<group>"; };
		545B22F31D917172008CC9C0 /* haha.png */ = {isa = PBXFileReference; lastKnownFileType = image.png; path = haha.png; sourceTree = "<group>"; };
		545B22F51D9173EF008CC9C0 /* DataTableViewCell.swift */ = {isa = PBXFileReference; fileEncoding = 4; lastKnownFileType = sourcecode.swift; path = DataTableViewCell.swift; sourceTree = "<group>"; };
		545B22F61D9173EF008CC9C0 /* DataTableViewCell.xib */ = {isa = PBXFileReference; fileEncoding = 4; lastKnownFileType = file.xib; path = DataTableViewCell.xib; sourceTree = "<group>"; };
		545B23011D9182DD008CC9C0 /* BaseViewController.swift */ = {isa = PBXFileReference; fileEncoding = 4; lastKnownFileType = sourcecode.swift; path = BaseViewController.swift; sourceTree = "<group>"; };
		5490406E1D90F47700E7330D /* LoginAccount.swift */ = {isa = PBXFileReference; fileEncoding = 4; lastKnownFileType = sourcecode.swift; path = LoginAccount.swift; sourceTree = "<group>"; };
		5490406F1D90F47700E7330D /* LoginAccount.xib */ = {isa = PBXFileReference; fileEncoding = 4; lastKnownFileType = file.xib; path = LoginAccount.xib; sourceTree = "<group>"; };
		549040731D90F53000E7330D /* RegisterAccount.swift */ = {isa = PBXFileReference; fileEncoding = 4; lastKnownFileType = sourcecode.swift; path = RegisterAccount.swift; sourceTree = "<group>"; };
		549040741D90F53000E7330D /* RegisterAccount.xib */ = {isa = PBXFileReference; fileEncoding = 4; lastKnownFileType = file.xib; path = RegisterAccount.xib; sourceTree = "<group>"; };
		549040781D90F57100E7330D /* ResetPassword.swift */ = {isa = PBXFileReference; fileEncoding = 4; lastKnownFileType = sourcecode.swift; path = ResetPassword.swift; sourceTree = "<group>"; };
		549040791D90F57100E7330D /* ResetPassword.xib */ = {isa = PBXFileReference; fileEncoding = 4; lastKnownFileType = file.xib; path = ResetPassword.xib; sourceTree = "<group>"; };
		5490407E1D91257A00E7330D /* HomeViewController.swift */ = {isa = PBXFileReference; fileEncoding = 4; lastKnownFileType = sourcecode.swift; path = HomeViewController.swift; sourceTree = "<group>"; };
		5490407F1D91257A00E7330D /* HomeViewController.xib */ = {isa = PBXFileReference; fileEncoding = 4; lastKnownFileType = file.xib; path = HomeViewController.xib; sourceTree = "<group>"; };
		549040821D912A0500E7330D /* menu.png */ = {isa = PBXFileReference; lastKnownFileType = image.png; path = menu.png; sourceTree = "<group>"; };
		549040911D91351F00E7330D /* background.jpg */ = {isa = PBXFileReference; lastKnownFileType = image.jpeg; path = background.jpg; sourceTree = "<group>"; };
		549040A61D9144F700E7330D /* MenuViewController.swift */ = {isa = PBXFileReference; fileEncoding = 4; lastKnownFileType = sourcecode.swift; path = MenuViewController.swift; sourceTree = "<group>"; };
		549040A71D9144F700E7330D /* MenuViewController.xib */ = {isa = PBXFileReference; fileEncoding = 4; lastKnownFileType = file.xib; path = MenuViewController.xib; sourceTree = "<group>"; };
		549F7F9F1D928F99005B922A /* Film.swift */ = {isa = PBXFileReference; fileEncoding = 4; lastKnownFileType = sourcecode.swift; path = Film.swift; sourceTree = "<group>"; };
		549F7FA41D9375A1005B922A /* ManagerData.swift */ = {isa = PBXFileReference; fileEncoding = 4; lastKnownFileType = sourcecode.swift; path = ManagerData.swift; sourceTree = "<group>"; };
		549F7FA71D93E829005B922A /* CollectionViewCell.swift */ = {isa = PBXFileReference; fileEncoding = 4; lastKnownFileType = sourcecode.swift; path = CollectionViewCell.swift; sourceTree = "<group>"; };
		549F7FA81D93E829005B922A /* CollectionViewCell.xib */ = {isa = PBXFileReference; fileEncoding = 4; lastKnownFileType = file.xib; path = CollectionViewCell.xib; sourceTree = "<group>"; };
		54B5FD831DBDB9B60027E3D9 /* DetailMovieVC.swift */ = {isa = PBXFileReference; fileEncoding = 4; lastKnownFileType = sourcecode.swift; path = DetailMovieVC.swift; sourceTree = "<group>"; };
		54B5FD841DBDB9B60027E3D9 /* DetailMovieVC.xib */ = {isa = PBXFileReference; fileEncoding = 4; lastKnownFileType = file.xib; path = DetailMovieVC.xib; sourceTree = "<group>"; };
		54CA7A021D99040B00FC34C2 /* TopRated.swift */ = {isa = PBXFileReference; fileEncoding = 4; lastKnownFileType = sourcecode.swift; path = TopRated.swift; sourceTree = "<group>"; };
		54CA7A031D99040B00FC34C2 /* TopRated.xib */ = {isa = PBXFileReference; fileEncoding = 4; lastKnownFileType = file.xib; path = TopRated.xib; sourceTree = "<group>"; };
		54CA7A071D99042F00FC34C2 /* UpComing.swift */ = {isa = PBXFileReference; fileEncoding = 4; lastKnownFileType = sourcecode.swift; path = UpComing.swift; sourceTree = "<group>"; };
		54CA7A081D99042F00FC34C2 /* UpComing.xib */ = {isa = PBXFileReference; fileEncoding = 4; lastKnownFileType = file.xib; path = UpComing.xib; sourceTree = "<group>"; };
		54CA7A0C1D99045000FC34C2 /* NowPlaying.swift */ = {isa = PBXFileReference; fileEncoding = 4; lastKnownFileType = sourcecode.swift; path = NowPlaying.swift; sourceTree = "<group>"; };
		54CA7A0D1D99045000FC34C2 /* NowPlaying.xib */ = {isa = PBXFileReference; fileEncoding = 4; lastKnownFileType = file.xib; path = NowPlaying.xib; sourceTree = "<group>"; };
		54CA7A111D99047300FC34C2 /* Popular.swift */ = {isa = PBXFileReference; fileEncoding = 4; lastKnownFileType = sourcecode.swift; path = Popular.swift; sourceTree = "<group>"; };
		54CA7A121D99047300FC34C2 /* Popular.xib */ = {isa = PBXFileReference; fileEncoding = 4; lastKnownFileType = file.xib; path = Popular.xib; sourceTree = "<group>"; };
		54CC79911D8FCB1D0013139B /* User.swift */ = {isa = PBXFileReference; fileEncoding = 4; lastKnownFileType = sourcecode.swift; path = User.swift; sourceTree = "<group>"; };
		54D9CCCF1DA1FD8F00B852C1 /* CellForTrailer.swift */ = {isa = PBXFileReference; fileEncoding = 4; lastKnownFileType = sourcecode.swift; path = CellForTrailer.swift; sourceTree = "<group>"; };
		54D9CCD01DA1FD8F00B852C1 /* CellForTrailer.xib */ = {isa = PBXFileReference; fileEncoding = 4; lastKnownFileType = file.xib; path = CellForTrailer.xib; sourceTree = "<group>"; };
		54D9CCD31DA201AB00B852C1 /* Backdrop.swift */ = {isa = PBXFileReference; fileEncoding = 4; lastKnownFileType = sourcecode.swift; path = Backdrop.swift; sourceTree = "<group>"; };
		54D9CCD51DA2044300B852C1 /* Trailer.swift */ = {isa = PBXFileReference; fileEncoding = 4; lastKnownFileType = sourcecode.swift; path = Trailer.swift; sourceTree = "<group>"; };
		54D9CCD71DA2180400B852C1 /* Cast.swift */ = {isa = PBXFileReference; fileEncoding = 4; lastKnownFileType = sourcecode.swift; path = Cast.swift; sourceTree = "<group>"; };
		54D9CCD91DA21B2900B852C1 /* Crew.swift */ = {isa = PBXFileReference; fileEncoding = 4; lastKnownFileType = sourcecode.swift; path = Crew.swift; sourceTree = "<group>"; };
		54D9CCDE1DA24A9500B852C1 /* CollectionViewPeople.swift */ = {isa = PBXFileReference; fileEncoding = 4; lastKnownFileType = sourcecode.swift; path = CollectionViewPeople.swift; sourceTree = "<group>"; };
		54D9CCDF1DA24A9500B852C1 /* CollectionViewPeople.xib */ = {isa = PBXFileReference; fileEncoding = 4; lastKnownFileType = file.xib; path = CollectionViewPeople.xib; sourceTree = "<group>"; };
		54DA5BE41D8F9C8800F21F7A /* GoogleService-Info.plist */ = {isa = PBXFileReference; fileEncoding = 4; lastKnownFileType = text.plist.xml; path = "GoogleService-Info.plist"; sourceTree = "<group>"; };
		54DC0AB71DA64C2800B6DC83 /* MoviePlayer.swift */ = {isa = PBXFileReference; fileEncoding = 4; lastKnownFileType = sourcecode.swift; path = MoviePlayer.swift; sourceTree = "<group>"; };
		54DC0AB81DA64C2800B6DC83 /* MoviePlayer.xib */ = {isa = PBXFileReference; fileEncoding = 4; lastKnownFileType = file.xib; path = MoviePlayer.xib; sourceTree = "<group>"; };
		54DCF3DF1D9A155F00D23742 /* GenreViewController.swift */ = {isa = PBXFileReference; fileEncoding = 4; lastKnownFileType = sourcecode.swift; path = GenreViewController.swift; sourceTree = "<group>"; };
		54DCF3E01D9A155F00D23742 /* GenreViewController.xib */ = {isa = PBXFileReference; fileEncoding = 4; lastKnownFileType = file.xib; path = GenreViewController.xib; sourceTree = "<group>"; };
		54DCF3E41D9A181100D23742 /* String.swift */ = {isa = PBXFileReference; fileEncoding = 4; lastKnownFileType = sourcecode.swift; path = String.swift; sourceTree = "<group>"; };
		54DCF3E51D9A181100D23742 /* UITableViewExtension.swift */ = {isa = PBXFileReference; fileEncoding = 4; lastKnownFileType = sourcecode.swift; path = UITableViewExtension.swift; sourceTree = "<group>"; };
		54DCF3E61D9A181100D23742 /* UIViewController.swift */ = {isa = PBXFileReference; fileEncoding = 4; lastKnownFileType = sourcecode.swift; path = UIViewController.swift; sourceTree = "<group>"; };
		54DCF3E71D9A181100D23742 /* UIImageView.swift */ = {isa = PBXFileReference; fileEncoding = 4; lastKnownFileType = sourcecode.swift; path = UIImageView.swift; sourceTree = "<group>"; };
		54DCF3E81D9A181100D23742 /* UIImage.swift */ = {isa = PBXFileReference; fileEncoding = 4; lastKnownFileType = sourcecode.swift; path = UIImage.swift; sourceTree = "<group>"; };
		54DCF3E91D9A181100D23742 /* UIView.swift */ = {isa = PBXFileReference; fileEncoding = 4; lastKnownFileType = sourcecode.swift; path = UIView.swift; sourceTree = "<group>"; };
		54DCF3EA1D9A181100D23742 /* UIColor.swift */ = {isa = PBXFileReference; fileEncoding = 4; lastKnownFileType = sourcecode.swift; path = UIColor.swift; sourceTree = "<group>"; };
		54DCF3EB1D9A181100D23742 /* UIApplication.swift */ = {isa = PBXFileReference; fileEncoding = 4; lastKnownFileType = sourcecode.swift; path = UIApplication.swift; sourceTree = "<group>"; };
		54DCF3F71D9A60F300D23742 /* Phim24h-Bridging-Header.h */ = {isa = PBXFileReference; lastKnownFileType = sourcecode.c.h; path = "Phim24h-Bridging-Header.h"; sourceTree = "<group>"; };
		54DCF3F81D9A60F400D23742 /* FXImageView.h */ = {isa = PBXFileReference; fileEncoding = 4; lastKnownFileType = sourcecode.c.h; path = FXImageView.h; sourceTree = "<group>"; };
		54DCF3F91D9A60F400D23742 /* FXImageView.m */ = {isa = PBXFileReference; fileEncoding = 4; lastKnownFileType = sourcecode.c.objc; path = FXImageView.m; sourceTree = "<group>"; };
		54DCF3FA1D9A60F400D23742 /* UIImage+FX.h */ = {isa = PBXFileReference; fileEncoding = 4; lastKnownFileType = sourcecode.c.h; path = "UIImage+FX.h"; sourceTree = "<group>"; };
		54DCF3FB1D9A60F400D23742 /* UIImage+FX.m */ = {isa = PBXFileReference; fileEncoding = 4; lastKnownFileType = sourcecode.c.objc; path = "UIImage+FX.m"; sourceTree = "<group>"; };
		54DCF3FE1D9A60FD00D23742 /* iCarousel.h */ = {isa = PBXFileReference; fileEncoding = 4; lastKnownFileType = sourcecode.c.h; path = iCarousel.h; sourceTree = "<group>"; };
		54DCF3FF1D9A60FD00D23742 /* iCarousel.m */ = {isa = PBXFileReference; fileEncoding = 4; lastKnownFileType = sourcecode.c.objc; path = iCarousel.m; sourceTree = "<group>"; };
		54EDDD951DADE1F100D07714 /* UserData.swift */ = {isa = PBXFileReference; fileEncoding = 4; lastKnownFileType = sourcecode.swift; path = UserData.swift; sourceTree = "<group>"; };
		54F248641DAB9B840048D04F /* Phim24h.entitlements */ = {isa = PBXFileReference; lastKnownFileType = text.plist.entitlements; path = Phim24h.entitlements; sourceTree = "<group>"; };
		54FADBB81D9236A9005F5E0A /* SlideMenuControllerSwift.h */ = {isa = PBXFileReference; fileEncoding = 4; lastKnownFileType = sourcecode.c.h; name = SlideMenuControllerSwift.h; path = ../SlideMenuControllerSwift.h; sourceTree = "<group>"; };
		54FADBB91D9236A9005F5E0A /* SlideMenuController.swift */ = {isa = PBXFileReference; fileEncoding = 4; lastKnownFileType = sourcecode.swift; name = SlideMenuController.swift; path = ../SlideMenuController.swift; sourceTree = "<group>"; };
/* End PBXFileReference section */

/* Begin PBXFrameworksBuildPhase section */
		54555D011D8BF1D400048AAC /* Frameworks */ = {
			isa = PBXFrameworksBuildPhase;
			buildActionMask = 2147483647;
			files = (
				0119C09AE75DEFAF7D3F0029 /* Pods_Phim24h.framework in Frameworks */,
			);
			runOnlyForDeploymentPostprocessing = 0;
		};
/* End PBXFrameworksBuildPhase section */

/* Begin PBXGroup section */
		107449F66FDE2FC2050D767C /* Frameworks */ = {
			isa = PBXGroup;
			children = (
				54021BB61DCB4AF90039F365 /* libsqlite3.dylib */,
				006561D6344AF607B6604A53 /* Pods_Phim24h.framework */,
			);
			name = Frameworks;
			sourceTree = "<group>";
		};
		5401D7A41DA4E26000CE54CF /* MoviePlayer */ = {
			isa = PBXGroup;
			children = (
				543EF6A11DC09D1700D96D54 /* Overlay */,
				5443F6F01DB761C300AE95F3 /* CellForMessage */,
				54DC0AB71DA64C2800B6DC83 /* MoviePlayer.swift */,
				54DC0AB81DA64C2800B6DC83 /* MoviePlayer.xib */,
			);
			name = MoviePlayer;
			sourceTree = "<group>";
		};
		54021BA21DCB48B60039F365 /* Lib */ = {
			isa = PBXGroup;
			children = (
				54DCF3F71D9A60F300D23742 /* Phim24h-Bridging-Header.h */,
				54DCF3F41D9A600A00D23742 /* CustomSlide */,
				549040861D9134A500E7330D /* MenuBase */,
			);
			name = Lib;
			sourceTree = "<group>";
		};
		541305FC1D94CCD20055B180 /* TableCell */ = {
			isa = PBXGroup;
			children = (
				549F7FA61D93E810005B922A /* CollectionCell */,
				541305F81D94CCCB0055B180 /* TableViewCell.swift */,
				541305F91D94CCCB0055B180 /* TableViewCell.xib */,
			);
			name = TableCell;
			sourceTree = "<group>";
		};
		542899091D9E1D76002AF465 /* OverView */ = {
			isa = PBXGroup;
			children = (
				54D9CCCE1DA1FD6600B852C1 /* CellForTrailers */,
				5428990A1D9E1D91002AF465 /* OverView.swift */,
				5428990B1D9E1D91002AF465 /* OverView.xib */,
			);
			name = OverView;
			sourceTree = "<group>";
		};
		5428990E1D9E3246002AF465 /* People */ = {
			isa = PBXGroup;
			children = (
				54D9CCDD1DA24A6F00B852C1 /* CollectionCellPeople */,
				5428990F1D9E3256002AF465 /* People.swift */,
				542899101D9E3256002AF465 /* People.xib */,
			);
			name = People;
			sourceTree = "<group>";
		};
		542899131D9E50E5002AF465 /* Similar */ = {
			isa = PBXGroup;
			children = (
				542899141D9E5100002AF465 /* Similar.swift */,
				542899151D9E5100002AF465 /* Similar.xib */,
			);
			name = Similar;
			sourceTree = "<group>";
		};
		5433CDE11D9B703E001389CE /* CellGenre */ = {
			isa = PBXGroup;
			children = (
				5433CDE21D9B7058001389CE /* CellGenre.swift */,
				5433CDE31D9B7058001389CE /* CellGenre.xib */,
			);
			name = CellGenre;
			sourceTree = "<group>";
		};
		5433CDE61D9B7953001389CE /* DetailMoview */ = {
			isa = PBXGroup;
			children = (
				542899131D9E50E5002AF465 /* Similar */,
				5428990E1D9E3246002AF465 /* People */,
				542899091D9E1D76002AF465 /* OverView */,
				54B5FD831DBDB9B60027E3D9 /* DetailMovieVC.swift */,
				54B5FD841DBDB9B60027E3D9 /* DetailMovieVC.xib */,
			);
			name = DetailMoview;
			sourceTree = "<group>";
		};
		543BB7E21D962A8400B348BF /* TableDetail */ = {
			isa = PBXGroup;
			children = (
				543BB7E81D962C0D00B348BF /* TableCellWithPage */,
				543BB7E41D962AE700B348BF /* TableWithPage.swift */,
				543BB7E51D962AE700B348BF /* TableWithPage.xib */,
			);
			name = TableDetail;
			sourceTree = "<group>";
		};
		543BB7E81D962C0D00B348BF /* TableCellWithPage */ = {
			isa = PBXGroup;
			children = (
				543BB7E91D962C3900B348BF /* TableViewCellWithPage.swift */,
				543BB7EA1D962C3900B348BF /* TableViewCellWithPage.xib */,
			);
			name = TableCellWithPage;
			sourceTree = "<group>";
		};
		543BB7F11D96859000B348BF /* CustomView */ = {
			isa = PBXGroup;
			children = (
				5401D7A51DA4EAFB00CE54CF /* CustomButton.swift */,
				5443F6E81DB628DF00AE95F3 /* CustomTextView.swift */,
				5443F6EA1DB62A1800AE95F3 /* CustomButtonWithBoderGray.swift */,
				5443F6F91DB7692000AE95F3 /* CustomImageView.swift */,
			);
			name = CustomView;
			sourceTree = "<group>";
		};
		543EF6A11DC09D1700D96D54 /* Overlay */ = {
			isa = PBXGroup;
			children = (
				543EF6A61DC09E9200D96D54 /* PauseOverlayViewController.swift */,
				543EF6A71DC09E9200D96D54 /* PauseOverlayViewController.xib */,
			);
			name = Overlay;
			sourceTree = "<group>";
		};
		5443F6E11DB601F000AE95F3 /* SearchView */ = {
			isa = PBXGroup;
			children = (
				5443F6E21DB6021A00AE95F3 /* SearchView.swift */,
				5443F6E31DB6021A00AE95F3 /* SearchView.xib */,
			);
			name = SearchView;
			sourceTree = "<group>";
		};
		5443F6F01DB761C300AE95F3 /* CellForMessage */ = {
			isa = PBXGroup;
			children = (
				5443F6F51DB7676800AE95F3 /* CellForMessage.swift */,
				5443F6F61DB7676800AE95F3 /* CellForMessage.xib */,
			);
			name = CellForMessage;
			sourceTree = "<group>";
		};
		54555CFB1D8BF1D400048AAC = {
			isa = PBXGroup;
			children = (
				54555D061D8BF1D400048AAC /* Phim24h */,
				54555D051D8BF1D400048AAC /* Products */,
				CB442EF0AA8B5A0CB7ECE18A /* Pods */,
				107449F66FDE2FC2050D767C /* Frameworks */,
			);
			sourceTree = "<group>";
		};
		54555D051D8BF1D400048AAC /* Products */ = {
			isa = PBXGroup;
			children = (
				54555D041D8BF1D400048AAC /* Phim24h.app */,
			);
			name = Products;
			sourceTree = "<group>";
		};
		54555D061D8BF1D400048AAC /* Phim24h */ = {
			isa = PBXGroup;
			children = (
				54021BA21DCB48B60039F365 /* Lib */,
				54F248641DAB9B840048D04F /* Phim24h.entitlements */,
				54292AF11D9D2DC0002EF93D /* Assets.xcassets */,
				543BB7F11D96859000B348BF /* CustomView */,
				5490407C1D91254700E7330D /* Resource */,
				5490406C1D90F41800E7330D /* ManagerAccount */,
				549F7FA31D93758E005B922A /* ManagerData */,
				54CC79941D8FCE610013139B /* ViewController */,
				54DA5BE41D8F9C8800F21F7A /* GoogleService-Info.plist */,
				54555D071D8BF1D400048AAC /* AppDelegate.swift */,
				54555D101D8BF1D400048AAC /* LaunchScreen.storyboard */,
				54555D131D8BF1D400048AAC /* Info.plist */,
			);
			path = Phim24h;
			sourceTree = "<group>";
		};
		545B23001D9182D4008CC9C0 /* BaseView */ = {
			isa = PBXGroup;
			children = (
				545B23011D9182DD008CC9C0 /* BaseViewController.swift */,
				54292AEF1D9CBB8A002EF93D /* BaseDetailViewController.swift */,
			);
			name = BaseView;
			sourceTree = "<group>";
		};
		5490406C1D90F41800E7330D /* ManagerAccount */ = {
			isa = PBXGroup;
			children = (
				54CC79931D8FCE580013139B /* Model */,
				549040771D90F55300E7330D /* ForgotPass */,
				549040721D90F51900E7330D /* Register */,
				5490406D1D90F45B00E7330D /* Login */,
			);
			name = ManagerAccount;
			sourceTree = "<group>";
		};
		5490406D1D90F45B00E7330D /* Login */ = {
			isa = PBXGroup;
			children = (
				5490406E1D90F47700E7330D /* LoginAccount.swift */,
				5490406F1D90F47700E7330D /* LoginAccount.xib */,
			);
			name = Login;
			sourceTree = "<group>";
		};
		549040721D90F51900E7330D /* Register */ = {
			isa = PBXGroup;
			children = (
				549040731D90F53000E7330D /* RegisterAccount.swift */,
				549040741D90F53000E7330D /* RegisterAccount.xib */,
			);
			name = Register;
			sourceTree = "<group>";
		};
		549040771D90F55300E7330D /* ForgotPass */ = {
			isa = PBXGroup;
			children = (
				549040781D90F57100E7330D /* ResetPassword.swift */,
				549040791D90F57100E7330D /* ResetPassword.xib */,
			);
			name = ForgotPass;
			sourceTree = "<group>";
		};
		5490407C1D91254700E7330D /* Resource */ = {
			isa = PBXGroup;
			children = (
				545B22F31D917172008CC9C0 /* haha.png */,
				549040911D91351F00E7330D /* background.jpg */,
				549040821D912A0500E7330D /* menu.png */,
			);
			name = Resource;
			sourceTree = "<group>";
		};
		5490407D1D91256400E7330D /* HomeVC */ = {
			isa = PBXGroup;
			children = (
				541305FC1D94CCD20055B180 /* TableCell */,
				5490407E1D91257A00E7330D /* HomeViewController.swift */,
				5490407F1D91257A00E7330D /* HomeViewController.xib */,
			);
			name = HomeVC;
			sourceTree = "<group>";
		};
		549040861D9134A500E7330D /* MenuBase */ = {
			isa = PBXGroup;
			children = (
				54DCF3E31D9A180400D23742 /* Extension */,
				54FADBB81D9236A9005F5E0A /* SlideMenuControllerSwift.h */,
				54FADBB91D9236A9005F5E0A /* SlideMenuController.swift */,
			);
			name = MenuBase;
			sourceTree = "<group>";
		};
		5490409D1D91364900E7330D /* Menu */ = {
			isa = PBXGroup;
			children = (
				549040A61D9144F700E7330D /* MenuViewController.swift */,
				549040A71D9144F700E7330D /* MenuViewController.xib */,
				549040B51D914B0C00E7330D /* CellMenu */,
			);
			name = Menu;
			sourceTree = "<group>";
		};
		549040B51D914B0C00E7330D /* CellMenu */ = {
			isa = PBXGroup;
			children = (
				545B22F51D9173EF008CC9C0 /* DataTableViewCell.swift */,
				545B22F61D9173EF008CC9C0 /* DataTableViewCell.xib */,
			);
			name = CellMenu;
			sourceTree = "<group>";
		};
		549F7F9E1D928F88005B922A /* Model */ = {
			isa = PBXGroup;
			children = (
				549F7F9F1D928F99005B922A /* Film.swift */,
				543BB7E01D96231100B348BF /* DataModel.swift */,
				543BB7ED1D962FC500B348BF /* Genre.swift */,
				543BB7EF1D96316F00B348BF /* JSONKEYS.swift */,
				54D9CCD31DA201AB00B852C1 /* Backdrop.swift */,
				54D9CCD51DA2044300B852C1 /* Trailer.swift */,
				54D9CCD71DA2180400B852C1 /* Cast.swift */,
				54D9CCD91DA21B2900B852C1 /* Crew.swift */,
				5401D7A21DA4A15800CE54CF /* MovieDetail.swift */,
				5443F6EC1DB725A800AE95F3 /* MessageDetail.swift */,
				543DFAB61DBA03580052A423 /* Guest.swift */,
				543778531DBDEB8D00B224AF /* Result.swift */,
			);
			name = Model;
			sourceTree = "<group>";
		};
		549F7FA31D93758E005B922A /* ManagerData */ = {
			isa = PBXGroup;
			children = (
				549F7FA41D9375A1005B922A /* ManagerData.swift */,
				5421BC371DAE2FC8005E9121 /* ManagerSQLite.swift */,
			);
			name = ManagerData;
			sourceTree = "<group>";
		};
		549F7FA61D93E810005B922A /* CollectionCell */ = {
			isa = PBXGroup;
			children = (
				549F7FA71D93E829005B922A /* CollectionViewCell.swift */,
				549F7FA81D93E829005B922A /* CollectionViewCell.xib */,
			);
			name = CollectionCell;
			sourceTree = "<group>";
		};
		54AB90971DAB421200A4BB23 /* My Favorite */ = {
			isa = PBXGroup;
			children = (
				5421BC331DAE1D4D005E9121 /* FavoriteVC.swift */,
				5421BC341DAE1D4D005E9121 /* FavoriteVC.xib */,
			);
			name = "My Favorite";
			sourceTree = "<group>";
		};
		54CA7A011D9903DA00FC34C2 /* TopRated */ = {
			isa = PBXGroup;
			children = (
				54CA7A021D99040B00FC34C2 /* TopRated.swift */,
				54CA7A031D99040B00FC34C2 /* TopRated.xib */,
			);
			name = TopRated;
			sourceTree = "<group>";
		};
		54CA7A061D99041300FC34C2 /* UpComing */ = {
			isa = PBXGroup;
			children = (
				54CA7A071D99042F00FC34C2 /* UpComing.swift */,
				54CA7A081D99042F00FC34C2 /* UpComing.xib */,
			);
			name = UpComing;
			sourceTree = "<group>";
		};
		54CA7A0B1D99044000FC34C2 /* NowPlaying */ = {
			isa = PBXGroup;
			children = (
				54CA7A0C1D99045000FC34C2 /* NowPlaying.swift */,
				54CA7A0D1D99045000FC34C2 /* NowPlaying.xib */,
			);
			name = NowPlaying;
			sourceTree = "<group>";
		};
		54CA7A101D99045500FC34C2 /* Popular */ = {
			isa = PBXGroup;
			children = (
				54CA7A111D99047300FC34C2 /* Popular.swift */,
				54CA7A121D99047300FC34C2 /* Popular.xib */,
			);
			name = Popular;
			sourceTree = "<group>";
		};
		54CC79931D8FCE580013139B /* Model */ = {
			isa = PBXGroup;
			children = (
				54CC79911D8FCB1D0013139B /* User.swift */,
				54EDDD951DADE1F100D07714 /* UserData.swift */,
			);
			name = Model;
			sourceTree = "<group>";
		};
		54CC79941D8FCE610013139B /* ViewController */ = {
			isa = PBXGroup;
			children = (
				5443F6E11DB601F000AE95F3 /* SearchView */,
				54AB90971DAB421200A4BB23 /* My Favorite */,
				5401D7A41DA4E26000CE54CF /* MoviePlayer */,
				5433CDE61D9B7953001389CE /* DetailMoview */,
				54DCF3DE1D9A153800D23742 /* Genre */,
				54CA7A101D99045500FC34C2 /* Popular */,
				54CA7A0B1D99044000FC34C2 /* NowPlaying */,
				54CA7A061D99041300FC34C2 /* UpComing */,
				54CA7A011D9903DA00FC34C2 /* TopRated */,
				543BB7E21D962A8400B348BF /* TableDetail */,
				549F7F9E1D928F88005B922A /* Model */,
				545B23001D9182D4008CC9C0 /* BaseView */,
				5490409D1D91364900E7330D /* Menu */,
				5490407D1D91256400E7330D /* HomeVC */,
			);
			name = ViewController;
			sourceTree = "<group>";
		};
		54D9CCCE1DA1FD6600B852C1 /* CellForTrailers */ = {
			isa = PBXGroup;
			children = (
				54D9CCCF1DA1FD8F00B852C1 /* CellForTrailer.swift */,
				54D9CCD01DA1FD8F00B852C1 /* CellForTrailer.xib */,
			);
			name = CellForTrailers;
			sourceTree = "<group>";
		};
		54D9CCDD1DA24A6F00B852C1 /* CollectionCellPeople */ = {
			isa = PBXGroup;
			children = (
				54D9CCDE1DA24A9500B852C1 /* CollectionViewPeople.swift */,
				54D9CCDF1DA24A9500B852C1 /* CollectionViewPeople.xib */,
			);
			name = CollectionCellPeople;
			sourceTree = "<group>";
		};
		54DCF3DE1D9A153800D23742 /* Genre */ = {
			isa = PBXGroup;
			children = (
				5433CDE11D9B703E001389CE /* CellGenre */,
				54DCF3DF1D9A155F00D23742 /* GenreViewController.swift */,
				54DCF3E01D9A155F00D23742 /* GenreViewController.xib */,
			);
			name = Genre;
			sourceTree = "<group>";
		};
		54DCF3E31D9A180400D23742 /* Extension */ = {
			isa = PBXGroup;
			children = (
				54DCF3E41D9A181100D23742 /* String.swift */,
				54DCF3E51D9A181100D23742 /* UITableViewExtension.swift */,
				54DCF3E61D9A181100D23742 /* UIViewController.swift */,
				54DCF3E71D9A181100D23742 /* UIImageView.swift */,
				54DCF3E81D9A181100D23742 /* UIImage.swift */,
				54DCF3E91D9A181100D23742 /* UIView.swift */,
				54DCF3EA1D9A181100D23742 /* UIColor.swift */,
				54DCF3EB1D9A181100D23742 /* UIApplication.swift */,
			);
			name = Extension;
			sourceTree = "<group>";
		};
		54DCF3F41D9A600A00D23742 /* CustomSlide */ = {
			isa = PBXGroup;
			children = (
				54DCF3F61D9A60D600D23742 /* FXImageView */,
				54DCF3F51D9A608100D23742 /* iCarousel */,
			);
			name = CustomSlide;
			sourceTree = "<group>";
		};
		54DCF3F51D9A608100D23742 /* iCarousel */ = {
			isa = PBXGroup;
			children = (
				54DCF3FE1D9A60FD00D23742 /* iCarousel.h */,
				54DCF3FF1D9A60FD00D23742 /* iCarousel.m */,
			);
			name = iCarousel;
			sourceTree = "<group>";
		};
		54DCF3F61D9A60D600D23742 /* FXImageView */ = {
			isa = PBXGroup;
			children = (
				54DCF3F81D9A60F400D23742 /* FXImageView.h */,
				54DCF3F91D9A60F400D23742 /* FXImageView.m */,
				54DCF3FA1D9A60F400D23742 /* UIImage+FX.h */,
				54DCF3FB1D9A60F400D23742 /* UIImage+FX.m */,
			);
			name = FXImageView;
			sourceTree = "<group>";
		};
		CB442EF0AA8B5A0CB7ECE18A /* Pods */ = {
			isa = PBXGroup;
			children = (
				301DF1A3D2094B9E3815E945 /* Pods-Phim24h.debug.xcconfig */,
				0E3D9D26625080824DEBADFE /* Pods-Phim24h.release.xcconfig */,
			);
			name = Pods;
			sourceTree = "<group>";
		};
/* End PBXGroup section */

/* Begin PBXNativeTarget section */
		54555D031D8BF1D400048AAC /* Phim24h */ = {
			isa = PBXNativeTarget;
			buildConfigurationList = 54555D161D8BF1D400048AAC /* Build configuration list for PBXNativeTarget "Phim24h" */;
			buildPhases = (
				16B465973A53B4B34FC2D34C /* [CP] Check Pods Manifest.lock */,
				54555D001D8BF1D400048AAC /* Sources */,
				54555D011D8BF1D400048AAC /* Frameworks */,
				54555D021D8BF1D400048AAC /* Resources */,
				D16A075D09D95B2E7CF17874 /* [CP] Embed Pods Frameworks */,
				CC682ED29E759D716089D345 /* [CP] Copy Pods Resources */,
				54021B9F1DCB231C0039F365 /* Embed Frameworks */,
			);
			buildRules = (
			);
			dependencies = (
			);
			name = Phim24h;
			productName = Phim24h;
			productReference = 54555D041D8BF1D400048AAC /* Phim24h.app */;
			productType = "com.apple.product-type.application";
		};
/* End PBXNativeTarget section */

/* Begin PBXProject section */
		54555CFC1D8BF1D400048AAC /* Project object */ = {
			isa = PBXProject;
			attributes = {
				LastSwiftUpdateCheck = 0800;
				LastUpgradeCheck = 0800;
				ORGANIZATIONNAME = techmaster;
				TargetAttributes = {
					54555D031D8BF1D400048AAC = {
						CreatedOnToolsVersion = 8.0;
						DevelopmentTeam = K6V7ET59NN;
						LastSwiftMigration = 0800;
						ProvisioningStyle = Automatic;
						SystemCapabilities = {
							com.apple.Keychain = {
								enabled = 1;
							};
						};
					};
				};
			};
			buildConfigurationList = 54555CFF1D8BF1D400048AAC /* Build configuration list for PBXProject "Phim24h" */;
			compatibilityVersion = "Xcode 3.2";
			developmentRegion = English;
			hasScannedForEncodings = 0;
			knownRegions = (
				en,
				Base,
			);
			mainGroup = 54555CFB1D8BF1D400048AAC;
			productRefGroup = 54555D051D8BF1D400048AAC /* Products */;
			projectDirPath = "";
			projectRoot = "";
			targets = (
				54555D031D8BF1D400048AAC /* Phim24h */,
			);
		};
/* End PBXProject section */

/* Begin PBXResourcesBuildPhase section */
		54555D021D8BF1D400048AAC /* Resources */ = {
			isa = PBXResourcesBuildPhase;
			buildActionMask = 2147483647;
			files = (
				54B5FD861DBDB9B60027E3D9 /* DetailMovieVC.xib in Resources */,
				549040841D912A0500E7330D /* menu.png in Resources */,
				549040921D91351F00E7330D /* background.jpg in Resources */,
				549040761D90F53000E7330D /* RegisterAccount.xib in Resources */,
				543BB7E71D962AE700B348BF /* TableWithPage.xib in Resources */,
				543BB7EC1D962C3900B348BF /* TableViewCellWithPage.xib in Resources */,
				54D9CCD21DA1FD8F00B852C1 /* CellForTrailer.xib in Resources */,
				54D9CCE11DA24A9500B852C1 /* CollectionViewPeople.xib in Resources */,
				54555D121D8BF1D400048AAC /* LaunchScreen.storyboard in Resources */,
				54DCF3E21D9A155F00D23742 /* GenreViewController.xib in Resources */,
				545B22F81D9173EF008CC9C0 /* DataTableViewCell.xib in Resources */,
				545B22F41D917172008CC9C0 /* haha.png in Resources */,
				54CA7A051D99040B00FC34C2 /* TopRated.xib in Resources */,
				542899171D9E5100002AF465 /* Similar.xib in Resources */,
				543EF6A91DC09E9200D96D54 /* PauseOverlayViewController.xib in Resources */,
				5490407B1D90F57100E7330D /* ResetPassword.xib in Resources */,
				54DA5BE51D8F9C8800F21F7A /* GoogleService-Info.plist in Resources */,
				5443F6E51DB6021A00AE95F3 /* SearchView.xib in Resources */,
				54CA7A0F1D99045000FC34C2 /* NowPlaying.xib in Resources */,
				54CA7A0A1D99042F00FC34C2 /* UpComing.xib in Resources */,
				5443F6F81DB7676800AE95F3 /* CellForMessage.xib in Resources */,
				54CA7A141D99047300FC34C2 /* Popular.xib in Resources */,
				549040A91D9144F700E7330D /* MenuViewController.xib in Resources */,
				541305FB1D94CCCB0055B180 /* TableViewCell.xib in Resources */,
				542899121D9E3256002AF465 /* People.xib in Resources */,
				549040811D91257A00E7330D /* HomeViewController.xib in Resources */,
				5421BC361DAE1D4D005E9121 /* FavoriteVC.xib in Resources */,
				549040711D90F47700E7330D /* LoginAccount.xib in Resources */,
				549F7FAA1D93E829005B922A /* CollectionViewCell.xib in Resources */,
				54DC0ABA1DA64C2800B6DC83 /* MoviePlayer.xib in Resources */,
				5428990D1D9E1D91002AF465 /* OverView.xib in Resources */,
				5433CDE51D9B7058001389CE /* CellGenre.xib in Resources */,
				54292AF21D9D2DC0002EF93D /* Assets.xcassets in Resources */,
			);
			runOnlyForDeploymentPostprocessing = 0;
		};
/* End PBXResourcesBuildPhase section */

/* Begin PBXShellScriptBuildPhase section */
		16B465973A53B4B34FC2D34C /* [CP] Check Pods Manifest.lock */ = {
			isa = PBXShellScriptBuildPhase;
			buildActionMask = 2147483647;
			files = (
			);
			inputPaths = (
			);
			name = "[CP] Check Pods Manifest.lock";
			outputPaths = (
			);
			runOnlyForDeploymentPostprocessing = 0;
			shellPath = /bin/sh;
			shellScript = "diff \"${PODS_ROOT}/../Podfile.lock\" \"${PODS_ROOT}/Manifest.lock\" > /dev/null\nif [[ $? != 0 ]] ; then\n    cat << EOM\nerror: The sandbox is not in sync with the Podfile.lock. Run 'pod install' or update your CocoaPods installation.\nEOM\n    exit 1\nfi\n";
			showEnvVarsInLog = 0;
		};
		CC682ED29E759D716089D345 /* [CP] Copy Pods Resources */ = {
			isa = PBXShellScriptBuildPhase;
			buildActionMask = 2147483647;
			files = (
			);
			inputPaths = (
			);
			name = "[CP] Copy Pods Resources";
			outputPaths = (
			);
			runOnlyForDeploymentPostprocessing = 0;
			shellPath = /bin/sh;
			shellScript = "\"${SRCROOT}/Pods/Target Support Files/Pods-Phim24h/Pods-Phim24h-resources.sh\"\n";
			showEnvVarsInLog = 0;
		};
		D16A075D09D95B2E7CF17874 /* [CP] Embed Pods Frameworks */ = {
			isa = PBXShellScriptBuildPhase;
			buildActionMask = 2147483647;
			files = (
			);
			inputPaths = (
			);
			name = "[CP] Embed Pods Frameworks";
			outputPaths = (
			);
			runOnlyForDeploymentPostprocessing = 0;
			shellPath = /bin/sh;
			shellScript = "\"${SRCROOT}/Pods/Target Support Files/Pods-Phim24h/Pods-Phim24h-frameworks.sh\"\n";
			showEnvVarsInLog = 0;
		};
/* End PBXShellScriptBuildPhase section */

/* Begin PBXSourcesBuildPhase section */
		54555D001D8BF1D400048AAC /* Sources */ = {
			isa = PBXSourcesBuildPhase;
			buildActionMask = 2147483647;
			files = (
				54DCF3F11D9A181100D23742 /* UIView.swift in Sources */,
				5421BC351DAE1D4D005E9121 /* FavoriteVC.swift in Sources */,
				54DCF3EE1D9A181100D23742 /* UIViewController.swift in Sources */,
				549040751D90F53000E7330D /* RegisterAccount.swift in Sources */,
				5433CDE41D9B7058001389CE /* CellGenre.swift in Sources */,
				5401D7A61DA4EAFB00CE54CF /* CustomButton.swift in Sources */,
				54555D081D8BF1D400048AAC /* AppDelegate.swift in Sources */,
				54DCF3FC1D9A60F400D23742 /* FXImageView.m in Sources */,
				54DCF3FD1D9A60F400D23742 /* UIImage+FX.m in Sources */,
				54CC79921D8FCB1D0013139B /* User.swift in Sources */,
				5443F6E41DB6021A00AE95F3 /* SearchView.swift in Sources */,
				54DCF3EC1D9A181100D23742 /* String.swift in Sources */,
				543BB7E61D962AE700B348BF /* TableWithPage.swift in Sources */,
				54DCF3F21D9A181100D23742 /* UIColor.swift in Sources */,
				54292AF01D9CBB8A002EF93D /* BaseDetailViewController.swift in Sources */,
				54CA7A0E1D99045000FC34C2 /* NowPlaying.swift in Sources */,
				543DFAB71DBA03580052A423 /* Guest.swift in Sources */,
				549040A81D9144F700E7330D /* MenuViewController.swift in Sources */,
				5490407A1D90F57100E7330D /* ResetPassword.swift in Sources */,
				5443F6E91DB628DF00AE95F3 /* CustomTextView.swift in Sources */,
				542899161D9E5100002AF465 /* Similar.swift in Sources */,
				54D9CCD81DA2180400B852C1 /* Cast.swift in Sources */,
				549F7FA91D93E829005B922A /* CollectionViewCell.swift in Sources */,
				54DCF3E11D9A155F00D23742 /* GenreViewController.swift in Sources */,
				543BB7F01D96316F00B348BF /* JSONKEYS.swift in Sources */,
				54DCF3F01D9A181100D23742 /* UIImage.swift in Sources */,
				54CA7A091D99042F00FC34C2 /* UpComing.swift in Sources */,
				5401D7A31DA4A15800CE54CF /* MovieDetail.swift in Sources */,
				5443F6FA1DB7692000AE95F3 /* CustomImageView.swift in Sources */,
				543BB7EE1D962FC500B348BF /* Genre.swift in Sources */,
				54DC0AB91DA64C2800B6DC83 /* MoviePlayer.swift in Sources */,
				543EF6A81DC09E9200D96D54 /* PauseOverlayViewController.swift in Sources */,
				54EDDD961DADE1F100D07714 /* UserData.swift in Sources */,
				545B23021D9182DD008CC9C0 /* BaseViewController.swift in Sources */,
				54D9CCDA1DA21B2900B852C1 /* Crew.swift in Sources */,
				54DCF3EF1D9A181100D23742 /* UIImageView.swift in Sources */,
				54B5FD851DBDB9B60027E3D9 /* DetailMovieVC.swift in Sources */,
				54D9CCD41DA201AB00B852C1 /* Backdrop.swift in Sources */,
				54DCF4001D9A60FD00D23742 /* iCarousel.m in Sources */,
				541305FA1D94CCCB0055B180 /* TableViewCell.swift in Sources */,
				549040701D90F47700E7330D /* LoginAccount.swift in Sources */,
				545B22F71D9173EF008CC9C0 /* DataTableViewCell.swift in Sources */,
				549F7FA01D928F99005B922A /* Film.swift in Sources */,
				54CA7A131D99047300FC34C2 /* Popular.swift in Sources */,
				549040801D91257A00E7330D /* HomeViewController.swift in Sources */,
				54D9CCD11DA1FD8F00B852C1 /* CellForTrailer.swift in Sources */,
				543BB7E11D96231100B348BF /* DataModel.swift in Sources */,
				5443F6EB1DB62A1800AE95F3 /* CustomButtonWithBoderGray.swift in Sources */,
				5428990C1D9E1D91002AF465 /* OverView.swift in Sources */,
				5421BC381DAE2FC8005E9121 /* ManagerSQLite.swift in Sources */,
				54FADBBA1D9236A9005F5E0A /* SlideMenuController.swift in Sources */,
				54DCF3F31D9A181100D23742 /* UIApplication.swift in Sources */,
				54D9CCE01DA24A9500B852C1 /* CollectionViewPeople.swift in Sources */,
				543BB7EB1D962C3900B348BF /* TableViewCellWithPage.swift in Sources */,
				543778541DBDEB8D00B224AF /* Result.swift in Sources */,
				54CA7A041D99040B00FC34C2 /* TopRated.swift in Sources */,
				542899111D9E3256002AF465 /* People.swift in Sources */,
				5443F6ED1DB725A800AE95F3 /* MessageDetail.swift in Sources */,
				5443F6F71DB7676800AE95F3 /* CellForMessage.swift in Sources */,
				549F7FA51D9375A1005B922A /* ManagerData.swift in Sources */,
				54DCF3ED1D9A181100D23742 /* UITableViewExtension.swift in Sources */,
				54D9CCD61DA2044300B852C1 /* Trailer.swift in Sources */,
			);
			runOnlyForDeploymentPostprocessing = 0;
		};
/* End PBXSourcesBuildPhase section */

/* Begin PBXVariantGroup section */
		54555D101D8BF1D400048AAC /* LaunchScreen.storyboard */ = {
			isa = PBXVariantGroup;
			children = (
				54555D111D8BF1D400048AAC /* Base */,
			);
			name = LaunchScreen.storyboard;
			sourceTree = "<group>";
		};
/* End PBXVariantGroup section */

/* Begin XCBuildConfiguration section */
		54555D141D8BF1D400048AAC /* Debug */ = {
			isa = XCBuildConfiguration;
			buildSettings = {
				ALWAYS_SEARCH_USER_PATHS = NO;
				CLANG_ANALYZER_NONNULL = YES;
				CLANG_CXX_LANGUAGE_STANDARD = "gnu++0x";
				CLANG_CXX_LIBRARY = "libc++";
				CLANG_ENABLE_MODULES = YES;
				CLANG_ENABLE_OBJC_ARC = YES;
				CLANG_WARN_BOOL_CONVERSION = YES;
				CLANG_WARN_CONSTANT_CONVERSION = YES;
				CLANG_WARN_DIRECT_OBJC_ISA_USAGE = YES_ERROR;
				CLANG_WARN_DOCUMENTATION_COMMENTS = YES;
				CLANG_WARN_EMPTY_BODY = YES;
				CLANG_WARN_ENUM_CONVERSION = YES;
				CLANG_WARN_INFINITE_RECURSION = YES;
				CLANG_WARN_INT_CONVERSION = YES;
				CLANG_WARN_OBJC_ROOT_CLASS = YES_ERROR;
				CLANG_WARN_SUSPICIOUS_MOVE = YES;
				CLANG_WARN_SUSPICIOUS_MOVES = YES;
				CLANG_WARN_UNREACHABLE_CODE = YES;
				CLANG_WARN__DUPLICATE_METHOD_MATCH = YES;
				"CODE_SIGN_IDENTITY[sdk=iphoneos*]" = "iPhone Developer";
				COPY_PHASE_STRIP = NO;
				DEBUG_INFORMATION_FORMAT = dwarf;
				ENABLE_STRICT_OBJC_MSGSEND = YES;
				ENABLE_TESTABILITY = YES;
				GCC_C_LANGUAGE_STANDARD = gnu99;
				GCC_DYNAMIC_NO_PIC = NO;
				GCC_NO_COMMON_BLOCKS = YES;
				GCC_OPTIMIZATION_LEVEL = 0;
				GCC_PREPROCESSOR_DEFINITIONS = (
					"DEBUG=1",
					"$(inherited)",
				);
				GCC_WARN_64_TO_32_BIT_CONVERSION = YES;
				GCC_WARN_ABOUT_RETURN_TYPE = YES_ERROR;
				GCC_WARN_UNDECLARED_SELECTOR = YES;
				GCC_WARN_UNINITIALIZED_AUTOS = YES_AGGRESSIVE;
				GCC_WARN_UNUSED_FUNCTION = YES;
				GCC_WARN_UNUSED_VARIABLE = YES;
				IPHONEOS_DEPLOYMENT_TARGET = 9.0;
				MTL_ENABLE_DEBUG_INFO = YES;
				ONLY_ACTIVE_ARCH = YES;
				SDKROOT = iphoneos;
				SWIFT_ACTIVE_COMPILATION_CONDITIONS = DEBUG;
				SWIFT_OPTIMIZATION_LEVEL = "-Onone";
				SWIFT_VERSION = "";
				TARGETED_DEVICE_FAMILY = "1,2";
			};
			name = Debug;
		};
		54555D151D8BF1D400048AAC /* Release */ = {
			isa = XCBuildConfiguration;
			buildSettings = {
				ALWAYS_SEARCH_USER_PATHS = NO;
				CLANG_ANALYZER_NONNULL = YES;
				CLANG_CXX_LANGUAGE_STANDARD = "gnu++0x";
				CLANG_CXX_LIBRARY = "libc++";
				CLANG_ENABLE_MODULES = YES;
				CLANG_ENABLE_OBJC_ARC = YES;
				CLANG_WARN_BOOL_CONVERSION = YES;
				CLANG_WARN_CONSTANT_CONVERSION = YES;
				CLANG_WARN_DIRECT_OBJC_ISA_USAGE = YES_ERROR;
				CLANG_WARN_DOCUMENTATION_COMMENTS = YES;
				CLANG_WARN_EMPTY_BODY = YES;
				CLANG_WARN_ENUM_CONVERSION = YES;
				CLANG_WARN_INFINITE_RECURSION = YES;
				CLANG_WARN_INT_CONVERSION = YES;
				CLANG_WARN_OBJC_ROOT_CLASS = YES_ERROR;
				CLANG_WARN_SUSPICIOUS_MOVE = YES;
				CLANG_WARN_SUSPICIOUS_MOVES = YES;
				CLANG_WARN_UNREACHABLE_CODE = YES;
				CLANG_WARN__DUPLICATE_METHOD_MATCH = YES;
				"CODE_SIGN_IDENTITY[sdk=iphoneos*]" = "iPhone Developer";
				COPY_PHASE_STRIP = NO;
				DEBUG_INFORMATION_FORMAT = "dwarf-with-dsym";
				ENABLE_NS_ASSERTIONS = NO;
				ENABLE_STRICT_OBJC_MSGSEND = YES;
				GCC_C_LANGUAGE_STANDARD = gnu99;
				GCC_NO_COMMON_BLOCKS = YES;
				GCC_WARN_64_TO_32_BIT_CONVERSION = YES;
				GCC_WARN_ABOUT_RETURN_TYPE = YES_ERROR;
				GCC_WARN_UNDECLARED_SELECTOR = YES;
				GCC_WARN_UNINITIALIZED_AUTOS = YES_AGGRESSIVE;
				GCC_WARN_UNUSED_FUNCTION = YES;
				GCC_WARN_UNUSED_VARIABLE = YES;
				IPHONEOS_DEPLOYMENT_TARGET = 9.0;
				MTL_ENABLE_DEBUG_INFO = NO;
				SDKROOT = iphoneos;
				SWIFT_OPTIMIZATION_LEVEL = "-Owholemodule";
				SWIFT_VERSION = "";
				TARGETED_DEVICE_FAMILY = "1,2";
				VALIDATE_PRODUCT = YES;
			};
			name = Release;
		};
		54555D171D8BF1D400048AAC /* Debug */ = {
			isa = XCBuildConfiguration;
			baseConfigurationReference = 301DF1A3D2094B9E3815E945 /* Pods-Phim24h.debug.xcconfig */;
			buildSettings = {
				ASSETCATALOG_COMPILER_APPICON_NAME = AppIcon;
				CLANG_ENABLE_MODULES = YES;
				CODE_SIGN_ENTITLEMENTS = Phim24h/Phim24h.entitlements;
				DEVELOPMENT_TEAM = K6V7ET59NN;
				EMBEDDED_CONTENT_CONTAINS_SWIFT = NO;
				ENABLE_BITCODE = YES;
				FRAMEWORK_SEARCH_PATHS = (
					"$(inherited)",
					"$(PROJECT_DIR)/SQLite-3.swift-master/build/Debug-iphoneos",
					"$(PROJECT_DIR)/Phim24h",
				);
				INFOPLIST_FILE = Phim24h/Info.plist;
				IPHONEOS_DEPLOYMENT_TARGET = 9.0;
				LD_RUNPATH_SEARCH_PATHS = "$(inherited) @executable_path/Frameworks";
				NEW_SETTING = "";
				PRODUCT_BUNDLE_IDENTIFIER = com.techmaster.Phim24h;
				PRODUCT_NAME = "$(TARGET_NAME)";
				SWIFT_OBJC_BRIDGING_HEADER = "Phim24h/Phim24h-Bridging-Header.h";
				SWIFT_OPTIMIZATION_LEVEL = "-Onone";
				SWIFT_VERSION = 3.0;
			};
			name = Debug;
		};
		54555D181D8BF1D400048AAC /* Release */ = {
			isa = XCBuildConfiguration;
			baseConfigurationReference = 0E3D9D26625080824DEBADFE /* Pods-Phim24h.release.xcconfig */;
			buildSettings = {
				ASSETCATALOG_COMPILER_APPICON_NAME = AppIcon;
				CLANG_ENABLE_MODULES = YES;
				CODE_SIGN_ENTITLEMENTS = Phim24h/Phim24h.entitlements;
				DEVELOPMENT_TEAM = K6V7ET59NN;
				EMBEDDED_CONTENT_CONTAINS_SWIFT = NO;
				ENABLE_BITCODE = YES;
				FRAMEWORK_SEARCH_PATHS = (
					"$(inherited)",
					"$(PROJECT_DIR)/SQLite-3.swift-master/build/Debug-iphoneos",
					"$(PROJECT_DIR)/Phim24h",
				);
				INFOPLIST_FILE = Phim24h/Info.plist;
				IPHONEOS_DEPLOYMENT_TARGET = 9.0;
				LD_RUNPATH_SEARCH_PATHS = "$(inherited) @executable_path/Frameworks";
				NEW_SETTING = "";
				PRODUCT_BUNDLE_IDENTIFIER = com.techmaster.Phim24h;
				PRODUCT_NAME = "$(TARGET_NAME)";
				SWIFT_OBJC_BRIDGING_HEADER = "Phim24h/Phim24h-Bridging-Header.h";
				SWIFT_VERSION = 3.0;
			};
			name = Release;
		};
/* End XCBuildConfiguration section */

/* Begin XCConfigurationList section */
		54555CFF1D8BF1D400048AAC /* Build configuration list for PBXProject "Phim24h" */ = {
			isa = XCConfigurationList;
			buildConfigurations = (
				54555D141D8BF1D400048AAC /* Debug */,
				54555D151D8BF1D400048AAC /* Release */,
			);
			defaultConfigurationIsVisible = 0;
			defaultConfigurationName = Release;
		};
		54555D161D8BF1D400048AAC /* Build configuration list for PBXNativeTarget "Phim24h" */ = {
			isa = XCConfigurationList;
			buildConfigurations = (
				54555D171D8BF1D400048AAC /* Debug */,
				54555D181D8BF1D400048AAC /* Release */,
			);
			defaultConfigurationIsVisible = 0;
			defaultConfigurationName = Release;
		};
/* End XCConfigurationList section */
	};
	rootObject = 54555CFC1D8BF1D400048AAC /* Project object */;
}
